// !$*UTF8*$!
{
	archiveVersion = 1;
	classes = {
	};
	objectVersion = 55;
	objects = {

/* Begin PBXBuildFile section */
		9C5AC9F42B270B44002D683B /* AppDelegate.m in Sources */ = {isa = PBXBuildFile; fileRef = 9C5AC9F32B270B44002D683B /* AppDelegate.m */; };
		9C5AC9F72B270B44002D683B /* SceneDelegate.m in Sources */ = {isa = PBXBuildFile; fileRef = 9C5AC9F62B270B44002D683B /* SceneDelegate.m */; };
		9C5AC9FA2B270B44002D683B /* HJRichBaseTableViewController.m in Sources */ = {isa = PBXBuildFile; fileRef = 9C5AC9F92B270B44002D683B /* HJRichBaseTableViewController.m */; };
		9C5AC9FD2B270B44002D683B /* Main.storyboard in Resources */ = {isa = PBXBuildFile; fileRef = 9C5AC9FB2B270B44002D683B /* Main.storyboard */; };
		9C5AC9FF2B270B48002D683B /* Assets.xcassets in Resources */ = {isa = PBXBuildFile; fileRef = 9C5AC9FE2B270B48002D683B /* Assets.xcassets */; };
		9C5ACA022B270B48002D683B /* LaunchScreen.storyboard in Resources */ = {isa = PBXBuildFile; fileRef = 9C5ACA002B270B48002D683B /* LaunchScreen.storyboard */; };
		9C5ACA052B270B48002D683B /* main.m in Sources */ = {isa = PBXBuildFile; fileRef = 9C5ACA042B270B48002D683B /* main.m */; };
		9C5ACA0D2B270CCE002D683B /* SettingModel.m in Sources */ = {isa = PBXBuildFile; fileRef = 9C5ACA0C2B270CCE002D683B /* SettingModel.m */; };
		9C5ACA102B270F0F002D683B /* TableViewCell.m in Sources */ = {isa = PBXBuildFile; fileRef = 9C5ACA0F2B270F0F002D683B /* TableViewCell.m */; };
		9C5ACA132B271202002D683B /* TableViewController.m in Sources */ = {isa = PBXBuildFile; fileRef = 9C5ACA122B271202002D683B /* TableViewController.m */; };
/* End PBXBuildFile section */

/* Begin PBXFileReference section */
		9C5AC9EF2B270B44002D683B /* HJRichTableViewCells.app */ = {isa = PBXFileReference; explicitFileType = wrapper.application; includeInIndex = 0; path = HJRichTableViewCells.app; sourceTree = BUILT_PRODUCTS_DIR; };
		9C5AC9F22B270B44002D683B /* AppDelegate.h */ = {isa = PBXFileReference; lastKnownFileType = sourcecode.c.h; path = AppDelegate.h; sourceTree = "<group>"; };
		9C5AC9F32B270B44002D683B /* AppDelegate.m */ = {isa = PBXFileReference; lastKnownFileType = sourcecode.c.objc; path = AppDelegate.m; sourceTree = "<group>"; };
		9C5AC9F52B270B44002D683B /* SceneDelegate.h */ = {isa = PBXFileReference; lastKnownFileType = sourcecode.c.h; path = SceneDelegate.h; sourceTree = "<group>"; };
		9C5AC9F62B270B44002D683B /* SceneDelegate.m */ = {isa = PBXFileReference; lastKnownFileType = sourcecode.c.objc; path = SceneDelegate.m; sourceTree = "<group>"; };
		9C5AC9F82B270B44002D683B /* HJRichBaseTableViewController.h */ = {isa = PBXFileReference; lastKnownFileType = sourcecode.c.h; path = HJRichBaseTableViewController.h; sourceTree = "<group>"; };
		9C5AC9F92B270B44002D683B /* HJRichBaseTableViewController.m */ = {isa = PBXFileReference; lastKnownFileType = sourcecode.c.objc; path = HJRichBaseTableViewController.m; sourceTree = "<group>"; };
		9C5AC9FC2B270B44002D683B /* Base */ = {isa = PBXFileReference; lastKnownFileType = file.storyboard; name = Base; path = Base.lproj/Main.storyboard; sourceTree = "<group>"; };
		9C5AC9FE2B270B48002D683B /* Assets.xcassets */ = {isa = PBXFileReference; lastKnownFileType = folder.assetcatalog; path = Assets.xcassets; sourceTree = "<group>"; };
		9C5ACA012B270B48002D683B /* Base */ = {isa = PBXFileReference; lastKnownFileType = file.storyboard; name = Base; path = Base.lproj/LaunchScreen.storyboard; sourceTree = "<group>"; };
		9C5ACA032B270B48002D683B /* Info.plist */ = {isa = PBXFileReference; lastKnownFileType = text.plist.xml; path = Info.plist; sourceTree = "<group>"; };
		9C5ACA042B270B48002D683B /* main.m */ = {isa = PBXFileReference; lastKnownFileType = sourcecode.c.objc; path = main.m; sourceTree = "<group>"; };
		9C5ACA0B2B270CCD002D683B /* SettingModel.h */ = {isa = PBXFileReference; lastKnownFileType = sourcecode.c.h; path = SettingModel.h; sourceTree = "<group>"; };
		9C5ACA0C2B270CCE002D683B /* SettingModel.m */ = {isa = PBXFileReference; lastKnownFileType = sourcecode.c.objc; path = SettingModel.m; sourceTree = "<group>"; };
		9C5ACA0E2B270F0F002D683B /* TableViewCell.h */ = {isa = PBXFileReference; lastKnownFileType = sourcecode.c.h; path = TableViewCell.h; sourceTree = "<group>"; };
		9C5ACA0F2B270F0F002D683B /* TableViewCell.m */ = {isa = PBXFileReference; lastKnownFileType = sourcecode.c.objc; path = TableViewCell.m; sourceTree = "<group>"; };
		9C5ACA112B271202002D683B /* TableViewController.h */ = {isa = PBXFileReference; lastKnownFileType = sourcecode.c.h; path = TableViewController.h; sourceTree = "<group>"; };
		9C5ACA122B271202002D683B /* TableViewController.m */ = {isa = PBXFileReference; lastKnownFileType = sourcecode.c.objc; path = TableViewController.m; sourceTree = "<group>"; };
/* End PBXFileReference section */

/* Begin PBXFrameworksBuildPhase section */
		9C5AC9EC2B270B44002D683B /* Frameworks */ = {
			isa = PBXFrameworksBuildPhase;
			buildActionMask = 2147483647;
			files = (
			);
			runOnlyForDeploymentPostprocessing = 0;
		};
/* End PBXFrameworksBuildPhase section */

/* Begin PBXGroup section */
		9C5AC9E62B270B44002D683B = {
			isa = PBXGroup;
			children = (
				9C5AC9F12B270B44002D683B /* HJRichTableViewCells */,
				9C5AC9F02B270B44002D683B /* Products */,
			);
			sourceTree = "<group>";
		};
		9C5AC9F02B270B44002D683B /* Products */ = {
			isa = PBXGroup;
			children = (
				9C5AC9EF2B270B44002D683B /* HJRichTableViewCells.app */,
			);
			name = Products;
			sourceTree = "<group>";
		};
		9C5AC9F12B270B44002D683B /* HJRichTableViewCells */ = {
			isa = PBXGroup;
			children = (
				9C5AC9F22B270B44002D683B /* AppDelegate.h */,
				9C5AC9F32B270B44002D683B /* AppDelegate.m */,
				9C5AC9F52B270B44002D683B /* SceneDelegate.h */,
				9C5AC9F62B270B44002D683B /* SceneDelegate.m */,
				9C5ACA172B271C1B002D683B /* Controller */,
				9C5ACA152B271BE1002D683B /* Model */,
				9C5ACA162B271BF3002D683B /* View */,
				9C5AC9FB2B270B44002D683B /* Main.storyboard */,
				9C5AC9FE2B270B48002D683B /* Assets.xcassets */,
				9C5ACA002B270B48002D683B /* LaunchScreen.storyboard */,
				9C5ACA032B270B48002D683B /* Info.plist */,
				9C5ACA042B270B48002D683B /* main.m */,
			);
			path = HJRichTableViewCells;
			sourceTree = "<group>";
		};
		9C5ACA152B271BE1002D683B /* Model */ = {
			isa = PBXGroup;
			children = (
				9C5ACA0B2B270CCD002D683B /* SettingModel.h */,
				9C5ACA0C2B270CCE002D683B /* SettingModel.m */,
			);
			path = Model;
			sourceTree = "<group>";
		};
		9C5ACA162B271BF3002D683B /* View */ = {
			isa = PBXGroup;
			children = (
				9C5ACA0E2B270F0F002D683B /* TableViewCell.h */,
				9C5ACA0F2B270F0F002D683B /* TableViewCell.m */,
			);
			path = View;
			sourceTree = "<group>";
		};
		9C5ACA172B271C1B002D683B /* Controller */ = {
			isa = PBXGroup;
			children = (
				9C5ACA112B271202002D683B /* TableViewController.h */,
				9C5ACA122B271202002D683B /* TableViewController.m */,
				9C5AC9F82B270B44002D683B /* HJRichBaseTableViewController.h */,
				9C5AC9F92B270B44002D683B /* HJRichBaseTableViewController.m */,
			);
			path = Controller;
			sourceTree = "<group>";
		};
/* End PBXGroup section */

/* Begin PBXNativeTarget section */
		9C5AC9EE2B270B44002D683B /* HJRichTableViewCells */ = {
			isa = PBXNativeTarget;
			buildConfigurationList = 9C5ACA082B270B48002D683B /* Build configuration list for PBXNativeTarget "HJRichTableViewCells" */;
			buildPhases = (
				9C5AC9EB2B270B44002D683B /* Sources */,
				9C5AC9EC2B270B44002D683B /* Frameworks */,
				9C5AC9ED2B270B44002D683B /* Resources */,
			);
			buildRules = (
			);
			dependencies = (
			);
			name = HJRichTableViewCells;
			productName = HJRichTableViewCells;
			productReference = 9C5AC9EF2B270B44002D683B /* HJRichTableViewCells.app */;
			productType = "com.apple.product-type.application";
		};
/* End PBXNativeTarget section */

/* Begin PBXProject section */
		9C5AC9E72B270B44002D683B /* Project object */ = {
			isa = PBXProject;
			attributes = {
				BuildIndependentTargetsInParallel = 1;
				LastUpgradeCheck = 1340;
				TargetAttributes = {
					9C5AC9EE2B270B44002D683B = {
						CreatedOnToolsVersion = 13.4.1;
					};
				};
			};
			buildConfigurationList = 9C5AC9EA2B270B44002D683B /* Build configuration list for PBXProject "HJRichTableViewCells" */;
			compatibilityVersion = "Xcode 13.0";
			developmentRegion = en;
			hasScannedForEncodings = 0;
			knownRegions = (
				en,
				Base,
			);
			mainGroup = 9C5AC9E62B270B44002D683B;
			productRefGroup = 9C5AC9F02B270B44002D683B /* Products */;
			projectDirPath = "";
			projectRoot = "";
			targets = (
				9C5AC9EE2B270B44002D683B /* HJRichTableViewCells */,
			);
		};
/* End PBXProject section */

/* Begin PBXResourcesBuildPhase section */
		9C5AC9ED2B270B44002D683B /* Resources */ = {
			isa = PBXResourcesBuildPhase;
			buildActionMask = 2147483647;
			files = (
				9C5ACA022B270B48002D683B /* LaunchScreen.storyboard in Resources */,
				9C5AC9FF2B270B48002D683B /* Assets.xcassets in Resources */,
				9C5AC9FD2B270B44002D683B /* Main.storyboard in Resources */,
			);
			runOnlyForDeploymentPostprocessing = 0;
		};
/* End PBXResourcesBuildPhase section */

/* Begin PBXSourcesBuildPhase section */
		9C5AC9EB2B270B44002D683B /* Sources */ = {
			isa = PBXSourcesBuildPhase;
			buildActionMask = 2147483647;
			files = (
				9C5AC9FA2B270B44002D683B /* HJRichBaseTableViewController.m in Sources */,
				9C5ACA102B270F0F002D683B /* TableViewCell.m in Sources */,
				9C5AC9F42B270B44002D683B /* AppDelegate.m in Sources */,
				9C5ACA052B270B48002D683B /* main.m in Sources */,
				9C5AC9F72B270B44002D683B /* SceneDelegate.m in Sources */,
				9C5ACA132B271202002D683B /* TableViewController.m in Sources */,
				9C5ACA0D2B270CCE002D683B /* SettingModel.m in Sources */,
			);
			runOnlyForDeploymentPostprocessing = 0;
		};
/* End PBXSourcesBuildPhase section */

/* Begin PBXVariantGroup section */
		9C5AC9FB2B270B44002D683B /* Main.storyboard */ = {
			isa = PBXVariantGroup;
			children = (
				9C5AC9FC2B270B44002D683B /* Base */,
			);
			name = Main.storyboard;
			sourceTree = "<group>";
		};
		9C5ACA002B270B48002D683B /* LaunchScreen.storyboard */ = {
			isa = PBXVariantGroup;
			children = (
				9C5ACA012B270B48002D683B /* Base */,
			);
			name = LaunchScreen.storyboard;
			sourceTree = "<group>";
		};
/* End PBXVariantGroup section */

/* Begin XCBuildConfiguration section */
		9C5ACA062B270B48002D683B /* Debug */ = {
			isa = XCBuildConfiguration;
			buildSettings = {
				ALWAYS_SEARCH_USER_PATHS = NO;
				CLANG_ANALYZER_NONNULL = YES;
				CLANG_ANALYZER_NUMBER_OBJECT_CONVERSION = YES_AGGRESSIVE;
				CLANG_CXX_LANGUAGE_STANDARD = "gnu++17";
				CLANG_ENABLE_MODULES = YES;
				CLANG_ENABLE_OBJC_ARC = YES;
				CLANG_ENABLE_OBJC_WEAK = YES;
				CLANG_WARN_BLOCK_CAPTURE_AUTORELEASING = YES;
				CLANG_WARN_BOOL_CONVERSION = YES;
				CLANG_WARN_COMMA = YES;
				CLANG_WARN_CONSTANT_CONVERSION = YES;
				CLANG_WARN_DEPRECATED_OBJC_IMPLEMENTATIONS = YES;
				CLANG_WARN_DIRECT_OBJC_ISA_USAGE = YES_ERROR;
				CLANG_WARN_DOCUMENTATION_COMMENTS = YES;
				CLANG_WARN_EMPTY_BODY = YES;
				CLANG_WARN_ENUM_CONVERSION = YES;
				CLANG_WARN_INFINITE_RECURSION = YES;
				CLANG_WARN_INT_CONVERSION = YES;
				CLANG_WARN_NON_LITERAL_NULL_CONVERSION = YES;
				CLANG_WARN_OBJC_IMPLICIT_RETAIN_SELF = YES;
				CLANG_WARN_OBJC_LITERAL_CONVERSION = YES;
				CLANG_WARN_OBJC_ROOT_CLASS = YES_ERROR;
				CLANG_WARN_QUOTED_INCLUDE_IN_FRAMEWORK_HEADER = YES;
				CLANG_WARN_RANGE_LOOP_ANALYSIS = YES;
				CLANG_WARN_STRICT_PROTOTYPES = YES;
				CLANG_WARN_SUSPICIOUS_MOVE = YES;
				CLANG_WARN_UNGUARDED_AVAILABILITY = YES_AGGRESSIVE;
				CLANG_WARN_UNREACHABLE_CODE = YES;
				CLANG_WARN__DUPLICATE_METHOD_MATCH = YES;
				COPY_PHASE_STRIP = NO;
				DEBUG_INFORMATION_FORMAT = dwarf;
				ENABLE_STRICT_OBJC_MSGSEND = YES;
				ENABLE_TESTABILITY = YES;
				GCC_C_LANGUAGE_STANDARD = gnu11;
				GCC_DYNAMIC_NO_PIC = NO;
				GCC_NO_COMMON_BLOCKS = YES;
				GCC_OPTIMIZATION_LEVEL = 0;
				GCC_PREPROCESSOR_DEFINITIONS = (
					"DEBUG=1",
					"$(inherited)",
				);
				GCC_WARN_64_TO_32_BIT_CONVERSION = YES;
				GCC_WARN_ABOUT_RETURN_TYPE = YES_ERROR;
				GCC_WARN_UNDECLARED_SELECTOR = YES;
				GCC_WARN_UNINITIALIZED_AUTOS = YES_AGGRESSIVE;
				GCC_WARN_UNUSED_FUNCTION = YES;
				GCC_WARN_UNUSED_VARIABLE = YES;
				IPHONEOS_DEPLOYMENT_TARGET = 15.5;
				MTL_ENABLE_DEBUG_INFO = INCLUDE_SOURCE;
				MTL_FAST_MATH = YES;
				ONLY_ACTIVE_ARCH = YES;
				SDKROOT = iphoneos;
			};
			name = Debug;
		};
		9C5ACA072B270B48002D683B /* Release */ = {
			isa = XCBuildConfiguration;
			buildSettings = {
				ALWAYS_SEARCH_USER_PATHS = NO;
				CLANG_ANALYZER_NONNULL = YES;
				CLANG_ANALYZER_NUMBER_OBJECT_CONVERSION = YES_AGGRESSIVE;
				CLANG_CXX_LANGUAGE_STANDARD = "gnu++17";
				CLANG_ENABLE_MODULES = YES;
				CLANG_ENABLE_OBJC_ARC = YES;
				CLANG_ENABLE_OBJC_WEAK = YES;
				CLANG_WARN_BLOCK_CAPTURE_AUTORELEASING = YES;
				CLANG_WARN_BOOL_CONVERSION = YES;
				CLANG_WARN_COMMA = YES;
				CLANG_WARN_CONSTANT_CONVERSION = YES;
				CLANG_WARN_DEPRECATED_OBJC_IMPLEMENTATIONS = YES;
				CLANG_WARN_DIRECT_OBJC_ISA_USAGE = YES_ERROR;
				CLANG_WARN_DOCUMENTATION_COMMENTS = YES;
				CLANG_WARN_EMPTY_BODY = YES;
				CLANG_WARN_ENUM_CONVERSION = YES;
				CLANG_WARN_INFINITE_RECURSION = YES;
				CLANG_WARN_INT_CONVERSION = YES;
				CLANG_WARN_NON_LITERAL_NULL_CONVERSION = YES;
				CLANG_WARN_OBJC_IMPLICIT_RETAIN_SELF = YES;
				CLANG_WARN_OBJC_LITERAL_CONVERSION = YES;
				CLANG_WARN_OBJC_ROOT_CLASS = YES_ERROR;
				CLANG_WARN_QUOTED_INCLUDE_IN_FRAMEWORK_HEADER = YES;
				CLANG_WARN_RANGE_LOOP_ANALYSIS = YES;
				CLANG_WARN_STRICT_PROTOTYPES = YES;
				CLANG_WARN_SUSPICIOUS_MOVE = YES;
				CLANG_WARN_UNGUARDED_AVAILABILITY = YES_AGGRESSIVE;
				CLANG_WARN_UNREACHABLE_CODE = YES;
				CLANG_WARN__DUPLICATE_METHOD_MATCH = YES;
				COPY_PHASE_STRIP = NO;
				DEBUG_INFORMATION_FORMAT = "dwarf-with-dsym";
				ENABLE_NS_ASSERTIONS = NO;
				ENABLE_STRICT_OBJC_MSGSEND = YES;
				GCC_C_LANGUAGE_STANDARD = gnu11;
				GCC_NO_COMMON_BLOCKS = YES;
				GCC_WARN_64_TO_32_BIT_CONVERSION = YES;
				GCC_WARN_ABOUT_RETURN_TYPE = YES_ERROR;
				GCC_WARN_UNDECLARED_SELECTOR = YES;
				GCC_WARN_UNINITIALIZED_AUTOS = YES_AGGRESSIVE;
				GCC_WARN_UNUSED_FUNCTION = YES;
				GCC_WARN_UNUSED_VARIABLE = YES;
				IPHONEOS_DEPLOYMENT_TARGET = 15.5;
				MTL_ENABLE_DEBUG_INFO = NO;
				MTL_FAST_MATH = YES;
				SDKROOT = iphoneos;
				VALIDATE_PRODUCT = YES;
			};
			name = Release;
		};
		9C5ACA092B270B48002D683B /* Debug */ = {
			isa = XCBuildConfiguration;
			buildSettings = {
				ASSETCATALOG_COMPILER_APPICON_NAME = AppIcon;
				ASSETCATALOG_COMPILER_GLOBAL_ACCENT_COLOR_NAME = AccentColor;
				CODE_SIGN_STYLE = Automatic;
				CURRENT_PROJECT_VERSION = 1;
				GENERATE_INFOPLIST_FILE = YES;
				INFOPLIST_FILE = HJRichTableViewCells/Info.plist;
				INFOPLIST_KEY_UIApplicationSupportsIndirectInputEvents = YES;
				INFOPLIST_KEY_UILaunchStoryboardName = LaunchScreen;
				INFOPLIST_KEY_UIMainStoryboardFile = Main;
				INFOPLIST_KEY_UISupportedInterfaceOrientations_iPad = "UIInterfaceOrientationPortrait UIInterfaceOrientationPortraitUpsideDown UIInterfaceOrientationLandscapeLeft UIInterfaceOrientationLandscapeRight";
				INFOPLIST_KEY_UISupportedInterfaceOrientations_iPhone = "UIInterfaceOrientationPortrait UIInterfaceOrientationLandscapeLeft UIInterfaceOrientationLandscapeRight";
				IPHONEOS_DEPLOYMENT_TARGET = 9.0;
				LD_RUNPATH_SEARCH_PATHS = (
					"$(inherited)",
					"@executable_path/Frameworks",
				);
				MARKETING_VERSION = 1.0;
				PRODUCT_BUNDLE_IDENTIFIER = HJ.HJRichTableViewCells;
				PRODUCT_NAME = "$(TARGET_NAME)";
				SWIFT_EMIT_LOC_STRINGS = YES;
				TARGETED_DEVICE_FAMILY = "1,2";
			};
			name = Debug;
		};
		9C5ACA0A2B270B48002D683B /* Release */ = {
			isa = XCBuildConfiguration;
			buildSettings = {
				ASSETCATALOG_COMPILER_APPICON_NAME = AppIcon;
				ASSETCATALOG_COMPILER_GLOBAL_ACCENT_COLOR_NAME = AccentColor;
				CODE_SIGN_STYLE = Automatic;
				CURRENT_PROJECT_VERSION = 1;
				GENERATE_INFOPLIST_FILE = YES;
				INFOPLIST_FILE = HJRichTableViewCells/Info.plist;
				INFOPLIST_KEY_UIApplicationSupportsIndirectInputEvents = YES;
				INFOPLIST_KEY_UILaunchStoryboardName = LaunchScreen;
				INFOPLIST_KEY_UIMainStoryboardFile = Main;
				INFOPLIST_KEY_UISupportedInterfaceOrientations_iPad = "UIInterfaceOrientationPortrait UIInterfaceOrientationPortraitUpsideDown UIInterfaceOrientationLandscapeLeft UIInterfaceOrientationLandscapeRight";
				INFOPLIST_KEY_UISupportedInterfaceOrientations_iPhone = "UIInterfaceOrientationPortrait UIInterfaceOrientationLandscapeLeft UIInterfaceOrientationLandscapeRight";
				IPHONEOS_DEPLOYMENT_TARGET = 9.0;
				LD_RUNPATH_SEARCH_PATHS = (
					"$(inherited)",
					"@executable_path/Frameworks",
				);
				MARKETING_VERSION = 1.0;
				PRODUCT_BUNDLE_IDENTIFIER = HJ.HJRichTableViewCells;
				PRODUCT_NAME = "$(TARGET_NAME)";
				SWIFT_EMIT_LOC_STRINGS = YES;
				TARGETED_DEVICE_FAMILY = "1,2";
			};
			name = Release;
		};
/* End XCBuildConfiguration section */

/* Begin XCConfigurationList section */
		9C5AC9EA2B270B44002D683B /* Build configuration list for PBXProject "HJRichTableViewCells" */ = {
			isa = XCConfigurationList;
			buildConfigurations = (
				9C5ACA062B270B48002D683B /* Debug */,
				9C5ACA072B270B48002D683B /* Release */,
			);
			defaultConfigurationIsVisible = 0;
			defaultConfigurationName = Release;
		};
		9C5ACA082B270B48002D683B /* Build configuration list for PBXNativeTarget "HJRichTableViewCells" */ = {
			isa = XCConfigurationList;
			buildConfigurations = (
				9C5ACA092B270B48002D683B /* Debug */,
				9C5ACA0A2B270B48002D683B /* Release */,
			);
			defaultConfigurationIsVisible = 0;
			defaultConfigurationName = Release;
		};
/* End XCConfigurationList section */
	};
	rootObject = 9C5AC9E72B270B44002D683B /* Project object */;
}
